
Microsoft Visual Studio Solution File, Format Version 12.00
# Visual Studio Version 17
VisualStudioVersion = 17.4.33403.182
MinimumVisualStudioVersion = 10.0.40219.1
Project("{FAE04EC0-301F-11D3-BF4B-00C04F79EFBC}") = "ChatGPTComms", "ChatGPTComms.csproj", "{A607D45B-7927-4D53-B475-B2475BF8059F}"
EndProject
Global
	GlobalSection(SolutionConfigurationPlatforms) = preSolution
		Debug|Any CPU = Debug|Any CPU
		Release|Any CPU = Release|Any CPU
	EndGlobalSection
	GlobalSection(ProjectConfigurationPlatforms) = postSolution
		{A607D45B-7927-4D53-B475-B2475BF8059F}.Debug|Any CPU.ActiveCfg = Debug|Any CPU
		{A607D45B-7927-4D53-B475-B2475BF8059F}.Debug|Any CPU.Build.0 = Debug|Any CPU
		{A607D45B-7927-4D53-B475-B2475BF8059F}.Release|Any CPU.ActiveCfg = Release|Any CPU
		{A607D45B-7927-4D53-B475-B2475BF8059F}.Release|Any CPU.Build.0 = Release|Any CPU
	EndGlobalSection
	GlobalSection(SolutionProperties) = preSolution
		HideSolutionNode = FALSE
	EndGlobalSection
	GlobalSection(ExtensibilityGlobals) = postSolution
		SolutionGuid = {515B6FC3-D71D-4509-A18B-D9656520AF7B}
	EndGlobalSection
EndGlobal
